
Microsoft Visual Studio Solution File, Format Version 12.00
# Visual Studio 15
VisualStudioVersion = 15.0.27703.2035
MinimumVisualStudioVersion = 10.0.40219.1
Project("{8BC9CEB8-8B4A-11D0-8D11-00A0C91BC942}") = "gcrootTest", "gcrootTest\gcrootTest.vcxproj", "{3ADFF736-23B3-421A-A78E-EA9AAB7DA9B2}"
EndProject
Project("{8BC9CEB8-8B4A-11D0-8D11-00A0C91BC942}") = "consoleApplication", "consoleApplication\consoleApplication.vcxproj", "{87FCA799-2FFA-41C3-8448-167CA6D9DB6F}"
	ProjectSection(ProjectDependencies) = postProject
		{3ADFF736-23B3-421A-A78E-EA9AAB7DA9B2} = {3ADFF736-23B3-421A-A78E-EA9AAB7DA9B2}
	EndProjectSection
EndProject
Global
	GlobalSection(SolutionConfigurationPlatforms) = preSolution
		Debug|x64 = Debug|x64
		Debug|x86 = Debug|x86
		Release|x64 = Release|x64
		Release|x86 = Release|x86
	EndGlobalSection
	GlobalSection(ProjectConfigurationPlatforms) = postSolution
		{3ADFF736-23B3-421A-A78E-EA9AAB7DA9B2}.Debug|x64.ActiveCfg = Debug|x64
		{3ADFF736-23B3-421A-A78E-EA9AAB7DA9B2}.Debug|x64.Build.0 = Debug|x64
		{3ADFF736-23B3-421A-A78E-EA9AAB7DA9B2}.Debug|x86.ActiveCfg = Debug|Win32
		{3ADFF736-23B3-421A-A78E-EA9AAB7DA9B2}.Debug|x86.Build.0 = Debug|Win32
		{3ADFF736-23B3-421A-A78E-EA9AAB7DA9B2}.Release|x64.ActiveCfg = Release|x64
		{3ADFF736-23B3-421A-A78E-EA9AAB7DA9B2}.Release|x64.Build.0 = Release|x64
		{3ADFF736-23B3-421A-A78E-EA9AAB7DA9B2}.Release|x86.ActiveCfg = Release|Win32
		{3ADFF736-23B3-421A-A78E-EA9AAB7DA9B2}.Release|x86.Build.0 = Release|Win32
		{87FCA799-2FFA-41C3-8448-167CA6D9DB6F}.Debug|x64.ActiveCfg = Debug|x64
		{87FCA799-2FFA-41C3-8448-167CA6D9DB6F}.Debug|x64.Build.0 = Debug|x64
		{87FCA799-2FFA-41C3-8448-167CA6D9DB6F}.Debug|x86.ActiveCfg = Debug|Win32
		{87FCA799-2FFA-41C3-8448-167CA6D9DB6F}.Debug|x86.Build.0 = Debug|Win32
		{87FCA799-2FFA-41C3-8448-167CA6D9DB6F}.Release|x64.ActiveCfg = Release|x64
		{87FCA799-2FFA-41C3-8448-167CA6D9DB6F}.Release|x64.Build.0 = Release|x64
		{87FCA799-2FFA-41C3-8448-167CA6D9DB6F}.Release|x86.ActiveCfg = Release|Win32
		{87FCA799-2FFA-41C3-8448-167CA6D9DB6F}.Release|x86.Build.0 = Release|Win32
	EndGlobalSection
	GlobalSection(SolutionProperties) = preSolution
		HideSolutionNode = FALSE
	EndGlobalSection
	GlobalSection(ExtensibilityGlobals) = postSolution
		SolutionGuid = {3D850092-66F6-4000-A326-E30CE935A0C0}
	EndGlobalSection
EndGlobal
